
Microsoft Visual Studio Solution File, Format Version 12.00
# Visual Studio Version 16
VisualStudioVersion = 16.0.29318.209
MinimumVisualStudioVersion = 10.0.40219.1
Project("{151D2E53-A2C4-4D7D-83FE-D05416EBD58E}") = "AzureResourceGroup1", "AzureResourceGroup1\AzureResourceGroup1.deployproj", "{AFA21D4D-1DE5-492B-8FA3-5395E5951F6A}"
EndProject
Global
	GlobalSection(SolutionConfigurationPlatforms) = preSolution
		Debug|Any CPU = Debug|Any CPU
		Release|Any CPU = Release|Any CPU
	EndGlobalSection
	GlobalSection(ProjectConfigurationPlatforms) = postSolution
		{AFA21D4D-1DE5-492B-8FA3-5395E5951F6A}.Debug|Any CPU.ActiveCfg = Debug|Any CPU
		{AFA21D4D-1DE5-492B-8FA3-5395E5951F6A}.Debug|Any CPU.Build.0 = Debug|Any CPU
		{AFA21D4D-1DE5-492B-8FA3-5395E5951F6A}.Release|Any CPU.ActiveCfg = Release|Any CPU
		{AFA21D4D-1DE5-492B-8FA3-5395E5951F6A}.Release|Any CPU.Build.0 = Release|Any CPU
	EndGlobalSection
	GlobalSection(SolutionProperties) = preSolution
		HideSolutionNode = FALSE
	EndGlobalSection
	GlobalSection(ExtensibilityGlobals) = postSolution
		SolutionGuid = {22A7E8AC-B8F3-4203-8D15-7FD5CF09E65E}
	EndGlobalSection
EndGlobal
